
Microsoft Visual Studio Solution File, Format Version 12.00
# Visual Studio Version 17
VisualStudioVersion = 17.11.35312.102
MinimumVisualStudioVersion = 10.0.40219.1
Project("{FAE04EC0-301F-11D3-BF4B-00C04F79EFBC}") = "Lab2_5", "Lab2_5\Lab2_5.csproj", "{D9C287B5-DE84-4ACC-964A-3919D10E5A4A}"
EndProject
Global
	GlobalSection(SolutionConfigurationPlatforms) = preSolution
		Debug|Any CPU = Debug|Any CPU
		Release|Any CPU = Release|Any CPU
	EndGlobalSection
	GlobalSection(ProjectConfigurationPlatforms) = postSolution
		{D9C287B5-DE84-4ACC-964A-3919D10E5A4A}.Debug|Any CPU.ActiveCfg = Debug|Any CPU
		{D9C287B5-DE84-4ACC-964A-3919D10E5A4A}.Debug|Any CPU.Build.0 = Debug|Any CPU
		{D9C287B5-DE84-4ACC-964A-3919D10E5A4A}.Release|Any CPU.ActiveCfg = Release|Any CPU
		{D9C287B5-DE84-4ACC-964A-3919D10E5A4A}.Release|Any CPU.Build.0 = Release|Any CPU
	EndGlobalSection
	GlobalSection(SolutionProperties) = preSolution
		HideSolutionNode = FALSE
	EndGlobalSection
	GlobalSection(ExtensibilityGlobals) = postSolution
		SolutionGuid = {D7BB8D19-2A53-4F63-AA5A-D1547B1DB3F7}
	EndGlobalSection
EndGlobal
